
Microsoft Visual Studio Solution File, Format Version 12.00
# Visual Studio Version 16
VisualStudioVersion = 16.0.30804.86
MinimumVisualStudioVersion = 10.0.40219.1
Project("{9A19103F-16F7-4668-BE54-9A1E7A4F7556}") = "ChocAn.MockProviderTerminal", "ChocAn.MockProviderTerminal\ChocAn.MockProviderTerminal.csproj", "{79E0E71B-84EA-438C-824A-5C5226A65761}"
EndProject
Project("{9A19103F-16F7-4668-BE54-9A1E7A4F7556}") = "ChocAn.MockRepositories", "ChocAn.MockRepositories\ChocAn.MockRepositories.csproj", "{D698B92A-44C0-4DBE-A9CA-A8D3BEED3DF1}"
EndProject
Project("{9A19103F-16F7-4668-BE54-9A1E7A4F7556}") = "ChocAn.DataCenterConsole", "ChocAn.DataCenterConsole\ChocAn.DataCenterConsole.csproj", "{E3F45D21-E829-4C0F-B239-9061EA1D3AB6}"
EndProject
Project("{9A19103F-16F7-4668-BE54-9A1E7A4F7556}") = "ChocAn.ProductRepository", "ChocAn.ProductRepository\ChocAn.ProductRepository.csproj", "{5B14C69E-3F95-496F-BE0C-AF98CC0784B2}"
EndProject
Project("{9A19103F-16F7-4668-BE54-9A1E7A4F7556}") = "ChocAn.ProductRepository.Test", "ChocAn.ProductRepository.Test\ChocAn.ProductRepository.Test.csproj", "{EEAE7BD4-2390-4245-AF20-EEEC585E2F3E}"
EndProject
Project("{9A19103F-16F7-4668-BE54-9A1E7A4F7556}") = "ChocAn.Repository", "ChocAn.Repository\ChocAn.Repository.csproj", "{362F52E0-243D-49F8-AE58-D802B4E8BD8C}"
EndProject
Project("{9A19103F-16F7-4668-BE54-9A1E7A4F7556}") = "ChocAn.TransactionRepository.Test", "ChocAn.TransactionRepository.Test\ChocAn.TransactionRepository.Test.csproj", "{DF760ED2-ECA3-4F8B-9CCE-C817372646C5}"
EndProject
Project("{9A19103F-16F7-4668-BE54-9A1E7A4F7556}") = "ChocAn.ProviderRepository.Test", "ChocAn.ProviderRepository.Test\ChocAn.ProviderRepository.Test.csproj", "{55160CFB-D741-45A1-B808-549640048619}"
EndProject
Project("{9A19103F-16F7-4668-BE54-9A1E7A4F7556}") = "ChocAn.MemberRepository.Test", "ChocAn.MemberRepository.Test\ChocAn.MemberRepository.Test.csproj", "{90002246-28EB-4D85-917D-A14CEBE93F6D}"
EndProject
Project("{9A19103F-16F7-4668-BE54-9A1E7A4F7556}") = "ChocAn.MemberRepository", "ChocAn.MemberRepository\ChocAn.MemberRepository.csproj", "{B5E1D3A2-E6DF-46DB-9494-894A87D4C634}"
EndProject
Project("{9A19103F-16F7-4668-BE54-9A1E7A4F7556}") = "ChocAn.TransactionRepository", "ChocAn.TransactionRepository\ChocAn.TransactionRepository.csproj", "{3795C9A8-4681-4E7B-84FB-3DD901E5FE6E}"
EndProject
Project("{9A19103F-16F7-4668-BE54-9A1E7A4F7556}") = "ChocAn.ProviderRepository", "ChocAn.ProviderRepository\ChocAn.ProviderRepository.csproj", "{818D6AE4-EAEA-4FE3-AEE9-D1F18C2C8254}"
EndProject
Project("{9A19103F-16F7-4668-BE54-9A1E7A4F7556}") = "ChocAn.TerminalService", "ChocAn.TerminalService\ChocAn.TerminalService.csproj", "{B8FF8FA0-73A1-4A65-AAAB-2F7637D2D8C0}"
EndProject
Project("{9A19103F-16F7-4668-BE54-9A1E7A4F7556}") = "ChocAn.TerminalService.Test", "ChocAn.TerminalService.Test\ChocAn.TerminalService.Test.csproj", "{C6F42E67-C5D4-42E3-B93D-7BEAA28BA61A}"
EndProject
Global
	GlobalSection(SolutionConfigurationPlatforms) = preSolution
		Debug|Any CPU = Debug|Any CPU
		Release|Any CPU = Release|Any CPU
	EndGlobalSection
	GlobalSection(ProjectConfigurationPlatforms) = postSolution
		{79E0E71B-84EA-438C-824A-5C5226A65761}.Debug|Any CPU.ActiveCfg = Debug|Any CPU
		{79E0E71B-84EA-438C-824A-5C5226A65761}.Debug|Any CPU.Build.0 = Debug|Any CPU
		{79E0E71B-84EA-438C-824A-5C5226A65761}.Release|Any CPU.ActiveCfg = Release|Any CPU
		{79E0E71B-84EA-438C-824A-5C5226A65761}.Release|Any CPU.Build.0 = Release|Any CPU
		{D698B92A-44C0-4DBE-A9CA-A8D3BEED3DF1}.Debug|Any CPU.ActiveCfg = Debug|Any CPU
		{D698B92A-44C0-4DBE-A9CA-A8D3BEED3DF1}.Debug|Any CPU.Build.0 = Debug|Any CPU
		{D698B92A-44C0-4DBE-A9CA-A8D3BEED3DF1}.Release|Any CPU.ActiveCfg = Release|Any CPU
		{D698B92A-44C0-4DBE-A9CA-A8D3BEED3DF1}.Release|Any CPU.Build.0 = Release|Any CPU
		{E3F45D21-E829-4C0F-B239-9061EA1D3AB6}.Debug|Any CPU.ActiveCfg = Debug|Any CPU
		{E3F45D21-E829-4C0F-B239-9061EA1D3AB6}.Debug|Any CPU.Build.0 = Debug|Any CPU
		{E3F45D21-E829-4C0F-B239-9061EA1D3AB6}.Release|Any CPU.ActiveCfg = Release|Any CPU
		{E3F45D21-E829-4C0F-B239-9061EA1D3AB6}.Release|Any CPU.Build.0 = Release|Any CPU
		{5B14C69E-3F95-496F-BE0C-AF98CC0784B2}.Debug|Any CPU.ActiveCfg = Debug|Any CPU
		{5B14C69E-3F95-496F-BE0C-AF98CC0784B2}.Debug|Any CPU.Build.0 = Debug|Any CPU
		{5B14C69E-3F95-496F-BE0C-AF98CC0784B2}.Release|Any CPU.ActiveCfg = Release|Any CPU
		{5B14C69E-3F95-496F-BE0C-AF98CC0784B2}.Release|Any CPU.Build.0 = Release|Any CPU
		{EEAE7BD4-2390-4245-AF20-EEEC585E2F3E}.Debug|Any CPU.ActiveCfg = Debug|Any CPU
		{EEAE7BD4-2390-4245-AF20-EEEC585E2F3E}.Debug|Any CPU.Build.0 = Debug|Any CPU
		{EEAE7BD4-2390-4245-AF20-EEEC585E2F3E}.Release|Any CPU.ActiveCfg = Release|Any CPU
		{EEAE7BD4-2390-4245-AF20-EEEC585E2F3E}.Release|Any CPU.Build.0 = Release|Any CPU
		{362F52E0-243D-49F8-AE58-D802B4E8BD8C}.Debug|Any CPU.ActiveCfg = Debug|Any CPU
		{362F52E0-243D-49F8-AE58-D802B4E8BD8C}.Debug|Any CPU.Build.0 = Debug|Any CPU
		{362F52E0-243D-49F8-AE58-D802B4E8BD8C}.Release|Any CPU.ActiveCfg = Release|Any CPU
		{362F52E0-243D-49F8-AE58-D802B4E8BD8C}.Release|Any CPU.Build.0 = Release|Any CPU
		{DF760ED2-ECA3-4F8B-9CCE-C817372646C5}.Debug|Any CPU.ActiveCfg = Debug|Any CPU
		{DF760ED2-ECA3-4F8B-9CCE-C817372646C5}.Debug|Any CPU.Build.0 = Debug|Any CPU
		{DF760ED2-ECA3-4F8B-9CCE-C817372646C5}.Release|Any CPU.ActiveCfg = Release|Any CPU
		{DF760ED2-ECA3-4F8B-9CCE-C817372646C5}.Release|Any CPU.Build.0 = Release|Any CPU
		{55160CFB-D741-45A1-B808-549640048619}.Debug|Any CPU.ActiveCfg = Debug|Any CPU
		{55160CFB-D741-45A1-B808-549640048619}.Debug|Any CPU.Build.0 = Debug|Any CPU
		{55160CFB-D741-45A1-B808-549640048619}.Release|Any CPU.ActiveCfg = Release|Any CPU
		{55160CFB-D741-45A1-B808-549640048619}.Release|Any CPU.Build.0 = Release|Any CPU
		{90002246-28EB-4D85-917D-A14CEBE93F6D}.Debug|Any CPU.ActiveCfg = Debug|Any CPU
		{90002246-28EB-4D85-917D-A14CEBE93F6D}.Debug|Any CPU.Build.0 = Debug|Any CPU
		{90002246-28EB-4D85-917D-A14CEBE93F6D}.Release|Any CPU.ActiveCfg = Release|Any CPU
		{90002246-28EB-4D85-917D-A14CEBE93F6D}.Release|Any CPU.Build.0 = Release|Any CPU
		{B5E1D3A2-E6DF-46DB-9494-894A87D4C634}.Debug|Any CPU.ActiveCfg = Debug|Any CPU
		{B5E1D3A2-E6DF-46DB-9494-894A87D4C634}.Debug|Any CPU.Build.0 = Debug|Any CPU
		{B5E1D3A2-E6DF-46DB-9494-894A87D4C634}.Release|Any CPU.ActiveCfg = Release|Any CPU
		{B5E1D3A2-E6DF-46DB-9494-894A87D4C634}.Release|Any CPU.Build.0 = Release|Any CPU
		{3795C9A8-4681-4E7B-84FB-3DD901E5FE6E}.Debug|Any CPU.ActiveCfg = Debug|Any CPU
		{3795C9A8-4681-4E7B-84FB-3DD901E5FE6E}.Debug|Any CPU.Build.0 = Debug|Any CPU
		{3795C9A8-4681-4E7B-84FB-3DD901E5FE6E}.Release|Any CPU.ActiveCfg = Release|Any CPU
		{3795C9A8-4681-4E7B-84FB-3DD901E5FE6E}.Release|Any CPU.Build.0 = Release|Any CPU
		{818D6AE4-EAEA-4FE3-AEE9-D1F18C2C8254}.Debug|Any CPU.ActiveCfg = Debug|Any CPU
		{818D6AE4-EAEA-4FE3-AEE9-D1F18C2C8254}.Debug|Any CPU.Build.0 = Debug|Any CPU
		{818D6AE4-EAEA-4FE3-AEE9-D1F18C2C8254}.Release|Any CPU.ActiveCfg = Release|Any CPU
		{818D6AE4-EAEA-4FE3-AEE9-D1F18C2C8254}.Release|Any CPU.Build.0 = Release|Any CPU
		{B8FF8FA0-73A1-4A65-AAAB-2F7637D2D8C0}.Debug|Any CPU.ActiveCfg = Debug|Any CPU
		{B8FF8FA0-73A1-4A65-AAAB-2F7637D2D8C0}.Debug|Any CPU.Build.0 = Debug|Any CPU
		{B8FF8FA0-73A1-4A65-AAAB-2F7637D2D8C0}.Release|Any CPU.ActiveCfg = Release|Any CPU
		{B8FF8FA0-73A1-4A65-AAAB-2F7637D2D8C0}.Release|Any CPU.Build.0 = Release|Any CPU
		{C6F42E67-C5D4-42E3-B93D-7BEAA28BA61A}.Debug|Any CPU.ActiveCfg = Debug|Any CPU
		{C6F42E67-C5D4-42E3-B93D-7BEAA28BA61A}.Debug|Any CPU.Build.0 = Debug|Any CPU
		{C6F42E67-C5D4-42E3-B93D-7BEAA28BA61A}.Release|Any CPU.ActiveCfg = Release|Any CPU
		{C6F42E67-C5D4-42E3-B93D-7BEAA28BA61A}.Release|Any CPU.Build.0 = Release|Any CPU
	EndGlobalSection
	GlobalSection(SolutionProperties) = preSolution
		HideSolutionNode = FALSE
	EndGlobalSection
	GlobalSection(ExtensibilityGlobals) = postSolution
		SolutionGuid = {25B4708B-B4BF-4D53-80E1-057346826847}
	EndGlobalSection
EndGlobal
