
Microsoft Visual Studio Solution File, Format Version 12.00
# Visual Studio Version 16
VisualStudioVersion = 16.0.30804.86
MinimumVisualStudioVersion = 10.0.40219.1
Project("{9A19103F-16F7-4668-BE54-9A1E7A4F7556}") = "ChocAn.MemberRepository", "ChocAn.MemberService\ChocAn.MemberRepository.csproj", "{88162685-0B7D-491E-8CDC-5F2D22625CFE}"
EndProject
Project("{9A19103F-16F7-4668-BE54-9A1E7A4F7556}") = "ChocAn.ProviderRepository", "ChocAn.ProviderService\ChocAn.ProviderRepository.csproj", "{12471814-0B45-458F-A144-757B7CEE9835}"
EndProject
Project("{9A19103F-16F7-4668-BE54-9A1E7A4F7556}") = "ChocAn.MemberRepository.Test", "ChocAn.MemberService.Test\ChocAn.MemberRepository.Test.csproj", "{FBE8FBE3-F2AB-48AC-B655-78F2A00544FD}"
EndProject
Project("{9A19103F-16F7-4668-BE54-9A1E7A4F7556}") = "ChocAn.ProviderRepository.Test", "ChocAn.ProviderService.Test\ChocAn.ProviderRepository.Test.csproj", "{F0A7D984-EEF2-4CE0-B39E-E7F428416173}"
EndProject
Project("{9A19103F-16F7-4668-BE54-9A1E7A4F7556}") = "ChocAn.ProviderServiceRepository", "ChocAn.ProviderServiceService\ChocAn.ProviderServiceRepository.csproj", "{3CC83CBE-DBFB-48B1-91BC-0F39E28091BE}"
EndProject
Project("{9A19103F-16F7-4668-BE54-9A1E7A4F7556}") = "ChocAn.ProviderServiceRepository.Test", "ChocAn.ProviderServiceService.Test\ChocAn.ProviderServiceRepository.Test.csproj", "{B1FD8E5E-C753-4AF5-934C-A1706FFAB1FD}"
EndProject
Project("{9A19103F-16F7-4668-BE54-9A1E7A4F7556}") = "ChocAn.TransactionRepository", "ChocAn.TransactionService\ChocAn.TransactionRepository.csproj", "{86043A8A-AC60-4F8C-9893-608F8B0AF117}"
EndProject
Project("{9A19103F-16F7-4668-BE54-9A1E7A4F7556}") = "ChocAn.TransactionRepository.Test", "ChocAn.TransactionService.Test\ChocAn.TransactionRepository.Test.csproj", "{27CAA37F-2D57-441E-9162-5F5F4C3E6685}"
EndProject
Project("{9A19103F-16F7-4668-BE54-9A1E7A4F7556}") = "ChocAn.ProviderTerminal.Api", "ChocAn.ProviderTerminal.API\ChocAn.ProviderTerminal.Api.csproj", "{59D00469-3CAE-4DC1-8C6F-70A22E3B2E12}"
EndProject
Project("{9A19103F-16F7-4668-BE54-9A1E7A4F7556}") = "ChocAn.MockProviderTerminal", "ChocAn.MockProviderTerminal\ChocAn.MockProviderTerminal.csproj", "{79E0E71B-84EA-438C-824A-5C5226A65761}"
EndProject
Project("{9A19103F-16F7-4668-BE54-9A1E7A4F7556}") = "ChocAn.ProviderTerminal.Api.Test", "ChocAn.ProviderTerminal.Api.Test\ChocAn.ProviderTerminal.Api.Test.csproj", "{4817A60C-AFDE-4FD1-A0E9-716374D8000B}"
EndProject
Project("{9A19103F-16F7-4668-BE54-9A1E7A4F7556}") = "ChocAn.MockRepositories", "ChocAn.MockRepositories\ChocAn.MockRepositories.csproj", "{D698B92A-44C0-4DBE-A9CA-A8D3BEED3DF1}"
EndProject
Project("{9A19103F-16F7-4668-BE54-9A1E7A4F7556}") = "ChocAn.DataCenterConsole", "ChocAn.DataCenterConsole\ChocAn.DataCenterConsole.csproj", "{E3F45D21-E829-4C0F-B239-9061EA1D3AB6}"
EndProject
Project("{9A19103F-16F7-4668-BE54-9A1E7A4F7556}") = "ChocAn.GenericRepository", "ChocAn.GenericRepository\ChocAn.GenericRepository.csproj", "{A237CE34-A7E6-43C4-8907-AEA399E5935D}"
EndProject
Global
	GlobalSection(SolutionConfigurationPlatforms) = preSolution
		Debug|Any CPU = Debug|Any CPU
		Release|Any CPU = Release|Any CPU
	EndGlobalSection
	GlobalSection(ProjectConfigurationPlatforms) = postSolution
		{88162685-0B7D-491E-8CDC-5F2D22625CFE}.Debug|Any CPU.ActiveCfg = Debug|Any CPU
		{88162685-0B7D-491E-8CDC-5F2D22625CFE}.Debug|Any CPU.Build.0 = Debug|Any CPU
		{88162685-0B7D-491E-8CDC-5F2D22625CFE}.Release|Any CPU.ActiveCfg = Release|Any CPU
		{88162685-0B7D-491E-8CDC-5F2D22625CFE}.Release|Any CPU.Build.0 = Release|Any CPU
		{12471814-0B45-458F-A144-757B7CEE9835}.Debug|Any CPU.ActiveCfg = Debug|Any CPU
		{12471814-0B45-458F-A144-757B7CEE9835}.Debug|Any CPU.Build.0 = Debug|Any CPU
		{12471814-0B45-458F-A144-757B7CEE9835}.Release|Any CPU.ActiveCfg = Release|Any CPU
		{12471814-0B45-458F-A144-757B7CEE9835}.Release|Any CPU.Build.0 = Release|Any CPU
		{FBE8FBE3-F2AB-48AC-B655-78F2A00544FD}.Debug|Any CPU.ActiveCfg = Debug|Any CPU
		{FBE8FBE3-F2AB-48AC-B655-78F2A00544FD}.Debug|Any CPU.Build.0 = Debug|Any CPU
		{FBE8FBE3-F2AB-48AC-B655-78F2A00544FD}.Release|Any CPU.ActiveCfg = Release|Any CPU
		{FBE8FBE3-F2AB-48AC-B655-78F2A00544FD}.Release|Any CPU.Build.0 = Release|Any CPU
		{F0A7D984-EEF2-4CE0-B39E-E7F428416173}.Debug|Any CPU.ActiveCfg = Debug|Any CPU
		{F0A7D984-EEF2-4CE0-B39E-E7F428416173}.Debug|Any CPU.Build.0 = Debug|Any CPU
		{F0A7D984-EEF2-4CE0-B39E-E7F428416173}.Release|Any CPU.ActiveCfg = Release|Any CPU
		{F0A7D984-EEF2-4CE0-B39E-E7F428416173}.Release|Any CPU.Build.0 = Release|Any CPU
		{3CC83CBE-DBFB-48B1-91BC-0F39E28091BE}.Debug|Any CPU.ActiveCfg = Debug|Any CPU
		{3CC83CBE-DBFB-48B1-91BC-0F39E28091BE}.Debug|Any CPU.Build.0 = Debug|Any CPU
		{3CC83CBE-DBFB-48B1-91BC-0F39E28091BE}.Release|Any CPU.ActiveCfg = Release|Any CPU
		{3CC83CBE-DBFB-48B1-91BC-0F39E28091BE}.Release|Any CPU.Build.0 = Release|Any CPU
		{B1FD8E5E-C753-4AF5-934C-A1706FFAB1FD}.Debug|Any CPU.ActiveCfg = Debug|Any CPU
		{B1FD8E5E-C753-4AF5-934C-A1706FFAB1FD}.Debug|Any CPU.Build.0 = Debug|Any CPU
		{B1FD8E5E-C753-4AF5-934C-A1706FFAB1FD}.Release|Any CPU.ActiveCfg = Release|Any CPU
		{B1FD8E5E-C753-4AF5-934C-A1706FFAB1FD}.Release|Any CPU.Build.0 = Release|Any CPU
		{86043A8A-AC60-4F8C-9893-608F8B0AF117}.Debug|Any CPU.ActiveCfg = Debug|Any CPU
		{86043A8A-AC60-4F8C-9893-608F8B0AF117}.Debug|Any CPU.Build.0 = Debug|Any CPU
		{86043A8A-AC60-4F8C-9893-608F8B0AF117}.Release|Any CPU.ActiveCfg = Release|Any CPU
		{86043A8A-AC60-4F8C-9893-608F8B0AF117}.Release|Any CPU.Build.0 = Release|Any CPU
		{27CAA37F-2D57-441E-9162-5F5F4C3E6685}.Debug|Any CPU.ActiveCfg = Debug|Any CPU
		{27CAA37F-2D57-441E-9162-5F5F4C3E6685}.Debug|Any CPU.Build.0 = Debug|Any CPU
		{27CAA37F-2D57-441E-9162-5F5F4C3E6685}.Release|Any CPU.ActiveCfg = Release|Any CPU
		{27CAA37F-2D57-441E-9162-5F5F4C3E6685}.Release|Any CPU.Build.0 = Release|Any CPU
		{59D00469-3CAE-4DC1-8C6F-70A22E3B2E12}.Debug|Any CPU.ActiveCfg = Debug|Any CPU
		{59D00469-3CAE-4DC1-8C6F-70A22E3B2E12}.Debug|Any CPU.Build.0 = Debug|Any CPU
		{59D00469-3CAE-4DC1-8C6F-70A22E3B2E12}.Release|Any CPU.ActiveCfg = Release|Any CPU
		{59D00469-3CAE-4DC1-8C6F-70A22E3B2E12}.Release|Any CPU.Build.0 = Release|Any CPU
		{79E0E71B-84EA-438C-824A-5C5226A65761}.Debug|Any CPU.ActiveCfg = Debug|Any CPU
		{79E0E71B-84EA-438C-824A-5C5226A65761}.Debug|Any CPU.Build.0 = Debug|Any CPU
		{79E0E71B-84EA-438C-824A-5C5226A65761}.Release|Any CPU.ActiveCfg = Release|Any CPU
		{79E0E71B-84EA-438C-824A-5C5226A65761}.Release|Any CPU.Build.0 = Release|Any CPU
		{4817A60C-AFDE-4FD1-A0E9-716374D8000B}.Debug|Any CPU.ActiveCfg = Debug|Any CPU
		{4817A60C-AFDE-4FD1-A0E9-716374D8000B}.Debug|Any CPU.Build.0 = Debug|Any CPU
		{4817A60C-AFDE-4FD1-A0E9-716374D8000B}.Release|Any CPU.ActiveCfg = Release|Any CPU
		{4817A60C-AFDE-4FD1-A0E9-716374D8000B}.Release|Any CPU.Build.0 = Release|Any CPU
		{D698B92A-44C0-4DBE-A9CA-A8D3BEED3DF1}.Debug|Any CPU.ActiveCfg = Debug|Any CPU
		{D698B92A-44C0-4DBE-A9CA-A8D3BEED3DF1}.Debug|Any CPU.Build.0 = Debug|Any CPU
		{D698B92A-44C0-4DBE-A9CA-A8D3BEED3DF1}.Release|Any CPU.ActiveCfg = Release|Any CPU
		{D698B92A-44C0-4DBE-A9CA-A8D3BEED3DF1}.Release|Any CPU.Build.0 = Release|Any CPU
		{E3F45D21-E829-4C0F-B239-9061EA1D3AB6}.Debug|Any CPU.ActiveCfg = Debug|Any CPU
		{E3F45D21-E829-4C0F-B239-9061EA1D3AB6}.Debug|Any CPU.Build.0 = Debug|Any CPU
		{E3F45D21-E829-4C0F-B239-9061EA1D3AB6}.Release|Any CPU.ActiveCfg = Release|Any CPU
		{E3F45D21-E829-4C0F-B239-9061EA1D3AB6}.Release|Any CPU.Build.0 = Release|Any CPU
		{A237CE34-A7E6-43C4-8907-AEA399E5935D}.Debug|Any CPU.ActiveCfg = Debug|Any CPU
		{A237CE34-A7E6-43C4-8907-AEA399E5935D}.Debug|Any CPU.Build.0 = Debug|Any CPU
		{A237CE34-A7E6-43C4-8907-AEA399E5935D}.Release|Any CPU.ActiveCfg = Release|Any CPU
		{A237CE34-A7E6-43C4-8907-AEA399E5935D}.Release|Any CPU.Build.0 = Release|Any CPU
	EndGlobalSection
	GlobalSection(SolutionProperties) = preSolution
		HideSolutionNode = FALSE
	EndGlobalSection
	GlobalSection(ExtensibilityGlobals) = postSolution
		SolutionGuid = {25B4708B-B4BF-4D53-80E1-057346826847}
	EndGlobalSection
EndGlobal
